
Microsoft Visual Studio Solution File, Format Version 12.00
# Visual Studio Version 17
VisualStudioVersion = 17.9.34607.119
MinimumVisualStudioVersion = 10.0.40219.1
Project("{FAE04EC0-301F-11D3-BF4B-00C04F79EFBC}") = "Bor_Trie", "Bor_Trie\Bor_Trie.csproj", "{5367D7C9-AC93-4D8B-B100-7E45360E79E8}"
EndProject
Global
	GlobalSection(SolutionConfigurationPlatforms) = preSolution
		Debug|Any CPU = Debug|Any CPU
		Release|Any CPU = Release|Any CPU
	EndGlobalSection
	GlobalSection(ProjectConfigurationPlatforms) = postSolution
		{5367D7C9-AC93-4D8B-B100-7E45360E79E8}.Debug|Any CPU.ActiveCfg = Debug|Any CPU
		{5367D7C9-AC93-4D8B-B100-7E45360E79E8}.Debug|Any CPU.Build.0 = Debug|Any CPU
		{5367D7C9-AC93-4D8B-B100-7E45360E79E8}.Release|Any CPU.ActiveCfg = Release|Any CPU
		{5367D7C9-AC93-4D8B-B100-7E45360E79E8}.Release|Any CPU.Build.0 = Release|Any CPU
	EndGlobalSection
	GlobalSection(SolutionProperties) = preSolution
		HideSolutionNode = FALSE
	EndGlobalSection
	GlobalSection(ExtensibilityGlobals) = postSolution
		SolutionGuid = {64F8B1FB-9C55-44F1-B110-8ADFFB136538}
	EndGlobalSection
EndGlobal
